
Microsoft Visual Studio Solution File, Format Version 12.00
# Visual Studio 15
Project("{FAE04EC0-301F-11D3-BF4B-00C04F79EFBC}") = "Assembly-CSharp", "Assembly-CSharp.csproj", "{E5FC9C10-BFBB-CEC4-FDDF-E88E8E59193A}"
EndProject
Project("{FAE04EC0-301F-11D3-BF4B-00C04F79EFBC}") = "Assembly-CSharp-firstpass", "Assembly-CSharp-firstpass.csproj", "{30F66DF7-54DA-A5C1-B27A-9BF38458A180}"
EndProject
Project("{FAE04EC0-301F-11D3-BF4B-00C04F79EFBC}") = "Assembly-CSharp-Editor", "Assembly-CSharp-Editor.csproj", "{BC3DACD2-DE08-86F1-6E2E-E4B598DD1C04}"
EndProject
Global
	GlobalSection(SolutionConfigurationPlatforms) = preSolution
		Debug|Any CPU = Debug|Any CPU
		Release|Any CPU = Release|Any CPU
	EndGlobalSection
	GlobalSection(ProjectConfigurationPlatforms) = postSolution
		{E5FC9C10-BFBB-CEC4-FDDF-E88E8E59193A}.Debug|Any CPU.ActiveCfg = Debug|Any CPU
		{E5FC9C10-BFBB-CEC4-FDDF-E88E8E59193A}.Debug|Any CPU.Build.0 = Debug|Any CPU
		{E5FC9C10-BFBB-CEC4-FDDF-E88E8E59193A}.Release|Any CPU.ActiveCfg = Release|Any CPU
		{E5FC9C10-BFBB-CEC4-FDDF-E88E8E59193A}.Release|Any CPU.Build.0 = Release|Any CPU
		{30F66DF7-54DA-A5C1-B27A-9BF38458A180}.Debug|Any CPU.ActiveCfg = Debug|Any CPU
		{30F66DF7-54DA-A5C1-B27A-9BF38458A180}.Debug|Any CPU.Build.0 = Debug|Any CPU
		{30F66DF7-54DA-A5C1-B27A-9BF38458A180}.Release|Any CPU.ActiveCfg = Release|Any CPU
		{30F66DF7-54DA-A5C1-B27A-9BF38458A180}.Release|Any CPU.Build.0 = Release|Any CPU
		{BC3DACD2-DE08-86F1-6E2E-E4B598DD1C04}.Debug|Any CPU.ActiveCfg = Debug|Any CPU
		{BC3DACD2-DE08-86F1-6E2E-E4B598DD1C04}.Debug|Any CPU.Build.0 = Debug|Any CPU
		{BC3DACD2-DE08-86F1-6E2E-E4B598DD1C04}.Release|Any CPU.ActiveCfg = Release|Any CPU
		{BC3DACD2-DE08-86F1-6E2E-E4B598DD1C04}.Release|Any CPU.Build.0 = Release|Any CPU
	EndGlobalSection
	GlobalSection(SolutionProperties) = preSolution
		HideSolutionNode = FALSE
	EndGlobalSection
EndGlobal
